
Microsoft Visual Studio Solution File, Format Version 12.00
# Visual Studio Version 16
VisualStudioVersion = 16.0.29519.181
MinimumVisualStudioVersion = 10.0.40219.1
Project("{9A19103F-16F7-4668-BE54-9A1E7A4F7556}") = "Mail", "Mail\Mail.csproj", "{DFB987FA-1984-49AB-AD0A-1A115602CF05}"
EndProject
Global
	GlobalSection(SolutionConfigurationPlatforms) = preSolution
		Debug|Any CPU = Debug|Any CPU
		Release|Any CPU = Release|Any CPU
	EndGlobalSection
	GlobalSection(ProjectConfigurationPlatforms) = postSolution
		{DFB987FA-1984-49AB-AD0A-1A115602CF05}.Debug|Any CPU.ActiveCfg = Debug|Any CPU
		{DFB987FA-1984-49AB-AD0A-1A115602CF05}.Debug|Any CPU.Build.0 = Debug|Any CPU
		{DFB987FA-1984-49AB-AD0A-1A115602CF05}.Release|Any CPU.ActiveCfg = Release|Any CPU
		{DFB987FA-1984-49AB-AD0A-1A115602CF05}.Release|Any CPU.Build.0 = Release|Any CPU
	EndGlobalSection
	GlobalSection(SolutionProperties) = preSolution
		HideSolutionNode = FALSE
	EndGlobalSection
	GlobalSection(ExtensibilityGlobals) = postSolution
		SolutionGuid = {B8B025D7-19D2-4F9A-A416-E67EE76C9B66}
	EndGlobalSection
EndGlobal
